{
    "_readme": [
        "This file locks the dependencies of your project to a known state",
        "Read more about it at https://getcomposer.org/doc/01-basic-usage.md#installing-dependencies",
        "This file is @generated automatically"
    ],
    "content-hash": "ce0bd8b0299e8620a93f95e543691a1a",
    "packages": [
        {
            "name": "luoyy/blade",
            "version": "5.5.28",
            "source": {
                "type": "git",
                "url": "https://github.com/zishang520/blade.git",
                "reference": "dbe44f5868ef9df2f889c9f3fc5ef081e6f3da22"
            },
            "dist": {
                "type": "zip",
                "url": "https://api.github.com/repos/zishang520/blade/zipball/dbe44f5868ef9df2f889c9f3fc5ef081e6f3da22",
                "reference": "dbe44f5868ef9df2f889c9f3fc5ef081e6f3da22",
                "shasum": "",
                "mirrors": [
                    {
                        "url": "https://mirrors.aliyun.com/composer/dists/%package%/%reference%.%type%",
                        "preferred": true
                    }
                ]
            },
            "require": {
                "php": ">=7.0.0"
            },
            "type": "library",
            "autoload": {
                "files": [
                    "src/helpers.php"
                ],
                "psr-4": {
                    "luoyy\\Blade\\": "src/"
                }
            },
            "notification-url": "https://packagist.org/downloads/",
            "license": [
                "MIT"
            ],
            "authors": [
                {
                    "name": "luoyy",
                    "email": "zishang520@gmail.com"
                }
            ],
            "description": "an independent version of laravel view template - blade",
            "homepage": "http://www.luoyy.com",
            "time": "2018-01-23T04:45:20+00:00"
        },
        {
            "name": "luoyy/think-blade",
            "version": "2.0.4",
            "source": {
                "type": "git",
                "url": "https://github.com/zishang520/think-blade.git",
                "reference": "4200c371982d5af62d741ff8c4da89c4662bb00c"
            },
            "dist": {
                "type": "zip",
                "url": "https://api.github.com/repos/zishang520/think-blade/zipball/4200c371982d5af62d741ff8c4da89c4662bb00c",
                "reference": "4200c371982d5af62d741ff8c4da89c4662bb00c",
                "shasum": "",
                "mirrors": [
                    {
                        "url": "https://mirrors.aliyun.com/composer/dists/%package%/%reference%.%type%",
                        "preferred": true
                    }
                ]
            },
            "require": {
                "luoyy/blade": "^5.5",
                "php": ">=5.4.0"
            },
            "type": "library",
            "autoload": {
                "classmap": [
                    {
                        "think\\view\\driver\\Blade": "drivers/thinkphp5/Blade.php"
                    }
                ]
            },
            "notification-url": "https://packagist.org/downloads/",
            "license": [
                "Apache-2.0"
            ],
            "authors": [
                {
                    "name": "luoyy",
                    "email": "zishang520@gmail.com"
                }
            ],
            "description": "think blade view engine",
            "homepage": "http://www.luoyy.com",
            "time": "2018-01-23T05:40:46+00:00"
        }
    ],
    "packages-dev": [],
    "aliases": [],
    "minimum-stability": "stable",
    "stability-flags": [],
    "prefer-stable": false,
    "prefer-lowest": false,
    "platform": {
        "ext-openssl": "*",
        "php": ">=5.4.0"
    },
    "platform-dev": []
}
